// !$*UTF8*$!
{
	archiveVersion = 1;
	classes = {
	};
	objectVersion = 50;
	objects = {

/* Begin PBXBuildFile section */
		081BB512215EB6C900E5ADDA /* AppDelegate.swift in Sources */ = {isa = PBXBuildFile; fileRef = 081BB511215EB6C900E5ADDA /* AppDelegate.swift */; };
		081BB514215EB6C900E5ADDA /* ViewController.swift in Sources */ = {isa = PBXBuildFile; fileRef = 081BB513215EB6C900E5ADDA /* ViewController.swift */; };
		081BB517215EB6C900E5ADDA /* Main.storyboard in Resources */ = {isa = PBXBuildFile; fileRef = 081BB515215EB6C900E5ADDA /* Main.storyboard */; };
		081BB519215EB6CA00E5ADDA /* Assets.xcassets in Resources */ = {isa = PBXBuildFile; fileRef = 081BB518215EB6CA00E5ADDA /* Assets.xcassets */; };
		081BB51C215EB6CA00E5ADDA /* LaunchScreen.storyboard in Resources */ = {isa = PBXBuildFile; fileRef = 081BB51A215EB6CA00E5ADDA /* LaunchScreen.storyboard */; };
		081BB526215EB85300E5ADDA /* RequestMaker.swift in Sources */ = {isa = PBXBuildFile; fileRef = 081BB525215EB85300E5ADDA /* RequestMaker.swift */; };
		081BB52A215ECFB600E5ADDA /* Meta.swift in Sources */ = {isa = PBXBuildFile; fileRef = 081BB529215ECFB600E5ADDA /* Meta.swift */; };
		081BB53821629F9F00E5ADDA /* RealmPersistenceService.swift in Sources */ = {isa = PBXBuildFile; fileRef = 081BB53521629F9F00E5ADDA /* RealmPersistenceService.swift */; };
		081BB53921629F9F00E5ADDA /* RealmObjectConvertable.swift in Sources */ = {isa = PBXBuildFile; fileRef = 081BB53621629F9F00E5ADDA /* RealmObjectConvertable.swift */; };
		081BB53D2162A07D00E5ADDA /* Course.swift in Sources */ = {isa = PBXBuildFile; fileRef = 081BB53C2162A07D00E5ADDA /* Course.swift */; };
		081BB5402162A0A800E5ADDA /* MetaJsonDeserializer.swift in Sources */ = {isa = PBXBuildFile; fileRef = 081BB53F2162A0A800E5ADDA /* MetaJsonDeserializer.swift */; };
		081BB5432162A0BF00E5ADDA /* CourseJsonDeserializer.swift in Sources */ = {isa = PBXBuildFile; fileRef = 081BB5422162A0BF00E5ADDA /* CourseJsonDeserializer.swift */; };
		081BB5472162A14400E5ADDA /* ListJsonDeserializer.swift in Sources */ = {isa = PBXBuildFile; fileRef = 081BB5462162A14400E5ADDA /* ListJsonDeserializer.swift */; };
		081BB5492162A16900E5ADDA /* ObjectDeserializerProtocol.swift in Sources */ = {isa = PBXBuildFile; fileRef = 081BB5482162A16900E5ADDA /* ObjectDeserializerProtocol.swift */; };
		081BB54C2162A1AC00E5ADDA /* CoursesApi.swift in Sources */ = {isa = PBXBuildFile; fileRef = 081BB54B2162A1AC00E5ADDA /* CoursesApi.swift */; };
		081BB54E2162A1CA00E5ADDA /* ApiEndpoint.swift in Sources */ = {isa = PBXBuildFile; fileRef = 081BB54D2162A1CA00E5ADDA /* ApiEndpoint.swift */; };
		081BB5502162A22200E5ADDA /* CoursesResponseDeserializer.swift in Sources */ = {isa = PBXBuildFile; fileRef = 081BB54F2162A22200E5ADDA /* CoursesResponseDeserializer.swift */; };
		081BB5522162A23D00E5ADDA /* DataDeserializableProtocol.swift in Sources */ = {isa = PBXBuildFile; fileRef = 081BB5512162A23D00E5ADDA /* DataDeserializableProtocol.swift */; };
		5991C1861EA25CFCFA7E388E /* Pods_ApiTest.framework in Frameworks */ = {isa = PBXBuildFile; fileRef = EB49F332F189D4949CD44D85 /* Pods_ApiTest.framework */; };
/* End PBXBuildFile section */

/* Begin PBXFileReference section */
		081BB50E215EB6C900E5ADDA /* ApiTest.app */ = {isa = PBXFileReference; explicitFileType = wrapper.application; includeInIndex = 0; path = ApiTest.app; sourceTree = BUILT_PRODUCTS_DIR; };
		081BB511215EB6C900E5ADDA /* AppDelegate.swift */ = {isa = PBXFileReference; lastKnownFileType = sourcecode.swift; path = AppDelegate.swift; sourceTree = "<group>"; };
		081BB513215EB6C900E5ADDA /* ViewController.swift */ = {isa = PBXFileReference; lastKnownFileType = sourcecode.swift; path = ViewController.swift; sourceTree = "<group>"; };
		081BB516215EB6C900E5ADDA /* Base */ = {isa = PBXFileReference; lastKnownFileType = file.storyboard; name = Base; path = Base.lproj/Main.storyboard; sourceTree = "<group>"; };
		081BB518215EB6CA00E5ADDA /* Assets.xcassets */ = {isa = PBXFileReference; lastKnownFileType = folder.assetcatalog; path = Assets.xcassets; sourceTree = "<group>"; };
		081BB51B215EB6CA00E5ADDA /* Base */ = {isa = PBXFileReference; lastKnownFileType = file.storyboard; name = Base; path = Base.lproj/LaunchScreen.storyboard; sourceTree = "<group>"; };
		081BB51D215EB6CB00E5ADDA /* Info.plist */ = {isa = PBXFileReference; lastKnownFileType = text.plist.xml; path = Info.plist; sourceTree = "<group>"; };
		081BB525215EB85300E5ADDA /* RequestMaker.swift */ = {isa = PBXFileReference; lastKnownFileType = sourcecode.swift; path = RequestMaker.swift; sourceTree = "<group>"; };
		081BB529215ECFB600E5ADDA /* Meta.swift */ = {isa = PBXFileReference; lastKnownFileType = sourcecode.swift; path = Meta.swift; sourceTree = "<group>"; };
		081BB53521629F9F00E5ADDA /* RealmPersistenceService.swift */ = {isa = PBXFileReference; fileEncoding = 4; lastKnownFileType = sourcecode.swift; path = RealmPersistenceService.swift; sourceTree = "<group>"; };
		081BB53621629F9F00E5ADDA /* RealmObjectConvertable.swift */ = {isa = PBXFileReference; fileEncoding = 4; lastKnownFileType = sourcecode.swift; path = RealmObjectConvertable.swift; sourceTree = "<group>"; };
		081BB53C2162A07D00E5ADDA /* Course.swift */ = {isa = PBXFileReference; lastKnownFileType = sourcecode.swift; path = Course.swift; sourceTree = "<group>"; };
		081BB53F2162A0A800E5ADDA /* MetaJsonDeserializer.swift */ = {isa = PBXFileReference; lastKnownFileType = sourcecode.swift; path = MetaJsonDeserializer.swift; sourceTree = "<group>"; };
		081BB5422162A0BF00E5ADDA /* CourseJsonDeserializer.swift */ = {isa = PBXFileReference; lastKnownFileType = sourcecode.swift; path = CourseJsonDeserializer.swift; sourceTree = "<group>"; };
		081BB5462162A14400E5ADDA /* ListJsonDeserializer.swift */ = {isa = PBXFileReference; lastKnownFileType = sourcecode.swift; path = ListJsonDeserializer.swift; sourceTree = "<group>"; };
		081BB5482162A16900E5ADDA /* ObjectDeserializerProtocol.swift */ = {isa = PBXFileReference; lastKnownFileType = sourcecode.swift; path = ObjectDeserializerProtocol.swift; sourceTree = "<group>"; };
		081BB54B2162A1AC00E5ADDA /* CoursesApi.swift */ = {isa = PBXFileReference; lastKnownFileType = sourcecode.swift; path = CoursesApi.swift; sourceTree = "<group>"; };
		081BB54D2162A1CA00E5ADDA /* ApiEndpoint.swift */ = {isa = PBXFileReference; lastKnownFileType = sourcecode.swift; path = ApiEndpoint.swift; sourceTree = "<group>"; };
		081BB54F2162A22200E5ADDA /* CoursesResponseDeserializer.swift */ = {isa = PBXFileReference; lastKnownFileType = sourcecode.swift; path = CoursesResponseDeserializer.swift; sourceTree = "<group>"; };
		081BB5512162A23D00E5ADDA /* DataDeserializableProtocol.swift */ = {isa = PBXFileReference; lastKnownFileType = sourcecode.swift; path = DataDeserializableProtocol.swift; sourceTree = "<group>"; };
		6AB59CAC160292FEB233DE6E /* Pods-ApiTest.debug.xcconfig */ = {isa = PBXFileReference; includeInIndex = 1; lastKnownFileType = text.xcconfig; name = "Pods-ApiTest.debug.xcconfig"; path = "Pods/Target Support Files/Pods-ApiTest/Pods-ApiTest.debug.xcconfig"; sourceTree = "<group>"; };
		BF0A154BFBB17AD5605F264E /* Pods-ApiTest.release.xcconfig */ = {isa = PBXFileReference; includeInIndex = 1; lastKnownFileType = text.xcconfig; name = "Pods-ApiTest.release.xcconfig"; path = "Pods/Target Support Files/Pods-ApiTest/Pods-ApiTest.release.xcconfig"; sourceTree = "<group>"; };
		EB49F332F189D4949CD44D85 /* Pods_ApiTest.framework */ = {isa = PBXFileReference; explicitFileType = wrapper.framework; includeInIndex = 0; path = Pods_ApiTest.framework; sourceTree = BUILT_PRODUCTS_DIR; };
/* End PBXFileReference section */

/* Begin PBXFrameworksBuildPhase section */
		081BB50B215EB6C900E5ADDA /* Frameworks */ = {
			isa = PBXFrameworksBuildPhase;
			buildActionMask = 2147483647;
			files = (
				5991C1861EA25CFCFA7E388E /* Pods_ApiTest.framework in Frameworks */,
			);
			runOnlyForDeploymentPostprocessing = 0;
		};
/* End PBXFrameworksBuildPhase section */

/* Begin PBXGroup section */
		081BB505215EB6C900E5ADDA = {
			isa = PBXGroup;
			children = (
				081BB510215EB6C900E5ADDA /* ApiTest */,
				081BB50F215EB6C900E5ADDA /* Products */,
				8EE87A7EF6A0A3787A31FA66 /* Pods */,
				44C75B27FFCD205E4F74CA0C /* Frameworks */,
			);
			sourceTree = "<group>";
		};
		081BB50F215EB6C900E5ADDA /* Products */ = {
			isa = PBXGroup;
			children = (
				081BB50E215EB6C900E5ADDA /* ApiTest.app */,
			);
			name = Products;
			sourceTree = "<group>";
		};
		081BB510215EB6C900E5ADDA /* ApiTest */ = {
			isa = PBXGroup;
			children = (
				081BB5452162A12500E5ADDA /* Generic Deserializers */,
				081BB5442162A10D00E5ADDA /* Network */,
				081BB53B2162A06900E5ADDA /* Models */,
				081BB53421629F9F00E5ADDA /* Persistence */,
				081BB511215EB6C900E5ADDA /* AppDelegate.swift */,
				081BB513215EB6C900E5ADDA /* ViewController.swift */,
				081BB515215EB6C900E5ADDA /* Main.storyboard */,
				081BB518215EB6CA00E5ADDA /* Assets.xcassets */,
				081BB51A215EB6CA00E5ADDA /* LaunchScreen.storyboard */,
				081BB51D215EB6CB00E5ADDA /* Info.plist */,
			);
			path = ApiTest;
			sourceTree = "<group>";
		};
		081BB53421629F9F00E5ADDA /* Persistence */ = {
			isa = PBXGroup;
			children = (
				081BB53521629F9F00E5ADDA /* RealmPersistenceService.swift */,
				081BB53621629F9F00E5ADDA /* RealmObjectConvertable.swift */,
			);
			path = Persistence;
			sourceTree = "<group>";
		};
		081BB53B2162A06900E5ADDA /* Models */ = {
			isa = PBXGroup;
			children = (
				081BB53E2162A09600E5ADDA /* Meta */,
				081BB5412162A0B100E5ADDA /* Course */,
			);
			path = Models;
			sourceTree = "<group>";
		};
		081BB53E2162A09600E5ADDA /* Meta */ = {
			isa = PBXGroup;
			children = (
				081BB529215ECFB600E5ADDA /* Meta.swift */,
				081BB53F2162A0A800E5ADDA /* MetaJsonDeserializer.swift */,
			);
			path = Meta;
			sourceTree = "<group>";
		};
		081BB5412162A0B100E5ADDA /* Course */ = {
			isa = PBXGroup;
			children = (
				081BB53C2162A07D00E5ADDA /* Course.swift */,
				081BB5422162A0BF00E5ADDA /* CourseJsonDeserializer.swift */,
			);
			path = Course;
			sourceTree = "<group>";
		};
		081BB5442162A10D00E5ADDA /* Network */ = {
			isa = PBXGroup;
			children = (
				081BB54D2162A1CA00E5ADDA /* ApiEndpoint.swift */,
				081BB525215EB85300E5ADDA /* RequestMaker.swift */,
				081BB54A2162A19B00E5ADDA /* Courses API */,
			);
			path = Network;
			sourceTree = "<group>";
		};
		081BB5452162A12500E5ADDA /* Generic Deserializers */ = {
			isa = PBXGroup;
			children = (
				081BB5462162A14400E5ADDA /* ListJsonDeserializer.swift */,
				081BB5482162A16900E5ADDA /* ObjectDeserializerProtocol.swift */,
				081BB5512162A23D00E5ADDA /* DataDeserializableProtocol.swift */,
			);
			path = "Generic Deserializers";
			sourceTree = "<group>";
		};
		081BB54A2162A19B00E5ADDA /* Courses API */ = {
			isa = PBXGroup;
			children = (
				081BB54B2162A1AC00E5ADDA /* CoursesApi.swift */,
				081BB54F2162A22200E5ADDA /* CoursesResponseDeserializer.swift */,
			);
			path = "Courses API";
			sourceTree = "<group>";
		};
		44C75B27FFCD205E4F74CA0C /* Frameworks */ = {
			isa = PBXGroup;
			children = (
				EB49F332F189D4949CD44D85 /* Pods_ApiTest.framework */,
			);
			name = Frameworks;
			sourceTree = "<group>";
		};
		8EE87A7EF6A0A3787A31FA66 /* Pods */ = {
			isa = PBXGroup;
			children = (
				6AB59CAC160292FEB233DE6E /* Pods-ApiTest.debug.xcconfig */,
				BF0A154BFBB17AD5605F264E /* Pods-ApiTest.release.xcconfig */,
			);
			name = Pods;
			sourceTree = "<group>";
		};
/* End PBXGroup section */

/* Begin PBXNativeTarget section */
		081BB50D215EB6C900E5ADDA /* ApiTest */ = {
			isa = PBXNativeTarget;
			buildConfigurationList = 081BB520215EB6CB00E5ADDA /* Build configuration list for PBXNativeTarget "ApiTest" */;
			buildPhases = (
				295D5468AD177A0B9B4D1CEE /* [CP] Check Pods Manifest.lock */,
				081BB50A215EB6C900E5ADDA /* Sources */,
				081BB50B215EB6C900E5ADDA /* Frameworks */,
				081BB50C215EB6C900E5ADDA /* Resources */,
				96A535A78798A91B681C890D /* [CP] Embed Pods Frameworks */,
			);
			buildRules = (
			);
			dependencies = (
			);
			name = ApiTest;
			productName = ApiTest;
			productReference = 081BB50E215EB6C900E5ADDA /* ApiTest.app */;
			productType = "com.apple.product-type.application";
		};
/* End PBXNativeTarget section */

/* Begin PBXProject section */
		081BB506215EB6C900E5ADDA /* Project object */ = {
			isa = PBXProject;
			attributes = {
				LastSwiftUpdateCheck = 1000;
				LastUpgradeCheck = 1000;
				ORGANIZATIONNAME = Ostrenkiy;
				TargetAttributes = {
					081BB50D215EB6C900E5ADDA = {
						CreatedOnToolsVersion = 10.0;
					};
				};
			};
			buildConfigurationList = 081BB509215EB6C900E5ADDA /* Build configuration list for PBXProject "ApiTest" */;
			compatibilityVersion = "Xcode 9.3";
			developmentRegion = en;
			hasScannedForEncodings = 0;
			knownRegions = (
				en,
				Base,
			);
			mainGroup = 081BB505215EB6C900E5ADDA;
			productRefGroup = 081BB50F215EB6C900E5ADDA /* Products */;
			projectDirPath = "";
			projectRoot = "";
			targets = (
				081BB50D215EB6C900E5ADDA /* ApiTest */,
			);
		};
/* End PBXProject section */

/* Begin PBXResourcesBuildPhase section */
		081BB50C215EB6C900E5ADDA /* Resources */ = {
			isa = PBXResourcesBuildPhase;
			buildActionMask = 2147483647;
			files = (
				081BB51C215EB6CA00E5ADDA /* LaunchScreen.storyboard in Resources */,
				081BB519215EB6CA00E5ADDA /* Assets.xcassets in Resources */,
				081BB517215EB6C900E5ADDA /* Main.storyboard in Resources */,
			);
			runOnlyForDeploymentPostprocessing = 0;
		};
/* End PBXResourcesBuildPhase section */

/* Begin PBXShellScriptBuildPhase section */
		295D5468AD177A0B9B4D1CEE /* [CP] Check Pods Manifest.lock */ = {
			isa = PBXShellScriptBuildPhase;
			buildActionMask = 2147483647;
			files = (
			);
			inputPaths = (
				"${PODS_PODFILE_DIR_PATH}/Podfile.lock",
				"${PODS_ROOT}/Manifest.lock",
			);
			name = "[CP] Check Pods Manifest.lock";
			outputPaths = (
				"$(DERIVED_FILE_DIR)/Pods-ApiTest-checkManifestLockResult.txt",
			);
			runOnlyForDeploymentPostprocessing = 0;
			shellPath = /bin/sh;
			shellScript = "diff \"${PODS_PODFILE_DIR_PATH}/Podfile.lock\" \"${PODS_ROOT}/Manifest.lock\" > /dev/null\nif [ $? != 0 ] ; then\n    # print error to STDERR\n    echo \"error: The sandbox is not in sync with the Podfile.lock. Run 'pod install' or update your CocoaPods installation.\" >&2\n    exit 1\nfi\n# This output is used by Xcode 'outputs' to avoid re-running this script phase.\necho \"SUCCESS\" > \"${SCRIPT_OUTPUT_FILE_0}\"\n";
			showEnvVarsInLog = 0;
		};
		96A535A78798A91B681C890D /* [CP] Embed Pods Frameworks */ = {
			isa = PBXShellScriptBuildPhase;
			buildActionMask = 2147483647;
			files = (
			);
			inputPaths = (
				"${SRCROOT}/Pods/Target Support Files/Pods-ApiTest/Pods-ApiTest-frameworks.sh",
				"${BUILT_PRODUCTS_DIR}/Alamofire/Alamofire.framework",
				"${BUILT_PRODUCTS_DIR}/PromiseKit/PromiseKit.framework",
				"${BUILT_PRODUCTS_DIR}/Realm/Realm.framework",
				"${BUILT_PRODUCTS_DIR}/RealmSwift/RealmSwift.framework",
				"${BUILT_PRODUCTS_DIR}/SwiftyJSON/SwiftyJSON.framework",
			);
			name = "[CP] Embed Pods Frameworks";
			outputPaths = (
				"${TARGET_BUILD_DIR}/${FRAMEWORKS_FOLDER_PATH}/Alamofire.framework",
				"${TARGET_BUILD_DIR}/${FRAMEWORKS_FOLDER_PATH}/PromiseKit.framework",
				"${TARGET_BUILD_DIR}/${FRAMEWORKS_FOLDER_PATH}/Realm.framework",
				"${TARGET_BUILD_DIR}/${FRAMEWORKS_FOLDER_PATH}/RealmSwift.framework",
				"${TARGET_BUILD_DIR}/${FRAMEWORKS_FOLDER_PATH}/SwiftyJSON.framework",
			);
			runOnlyForDeploymentPostprocessing = 0;
			shellPath = /bin/sh;
			shellScript = "\"${SRCROOT}/Pods/Target Support Files/Pods-ApiTest/Pods-ApiTest-frameworks.sh\"\n";
			showEnvVarsInLog = 0;
		};
/* End PBXShellScriptBuildPhase section */

/* Begin PBXSourcesBuildPhase section */
		081BB50A215EB6C900E5ADDA /* Sources */ = {
			isa = PBXSourcesBuildPhase;
			buildActionMask = 2147483647;
			files = (
				081BB526215EB85300E5ADDA /* RequestMaker.swift in Sources */,
				081BB54C2162A1AC00E5ADDA /* CoursesApi.swift in Sources */,
				081BB5492162A16900E5ADDA /* ObjectDeserializerProtocol.swift in Sources */,
				081BB54E2162A1CA00E5ADDA /* ApiEndpoint.swift in Sources */,
				081BB53D2162A07D00E5ADDA /* Course.swift in Sources */,
				081BB53821629F9F00E5ADDA /* RealmPersistenceService.swift in Sources */,
				081BB514215EB6C900E5ADDA /* ViewController.swift in Sources */,
				081BB5522162A23D00E5ADDA /* DataDeserializableProtocol.swift in Sources */,
				081BB52A215ECFB600E5ADDA /* Meta.swift in Sources */,
				081BB53921629F9F00E5ADDA /* RealmObjectConvertable.swift in Sources */,
				081BB5472162A14400E5ADDA /* ListJsonDeserializer.swift in Sources */,
				081BB5502162A22200E5ADDA /* CoursesResponseDeserializer.swift in Sources */,
				081BB5402162A0A800E5ADDA /* MetaJsonDeserializer.swift in Sources */,
				081BB512215EB6C900E5ADDA /* AppDelegate.swift in Sources */,
				081BB5432162A0BF00E5ADDA /* CourseJsonDeserializer.swift in Sources */,
			);
			runOnlyForDeploymentPostprocessing = 0;
		};
/* End PBXSourcesBuildPhase section */

/* Begin PBXVariantGroup section */
		081BB515215EB6C900E5ADDA /* Main.storyboard */ = {
			isa = PBXVariantGroup;
			children = (
				081BB516215EB6C900E5ADDA /* Base */,
			);
			name = Main.storyboard;
			sourceTree = "<group>";
		};
		081BB51A215EB6CA00E5ADDA /* LaunchScreen.storyboard */ = {
			isa = PBXVariantGroup;
			children = (
				081BB51B215EB6CA00E5ADDA /* Base */,
			);
			name = LaunchScreen.storyboard;
			sourceTree = "<group>";
		};
/* End PBXVariantGroup section */

/* Begin XCBuildConfiguration section */
		081BB51E215EB6CB00E5ADDA /* Debug */ = {
			isa = XCBuildConfiguration;
			buildSettings = {
				ALWAYS_SEARCH_USER_PATHS = NO;
				CLANG_ANALYZER_NONNULL = YES;
				CLANG_ANALYZER_NUMBER_OBJECT_CONVERSION = YES_AGGRESSIVE;
				CLANG_CXX_LANGUAGE_STANDARD = "gnu++14";
				CLANG_CXX_LIBRARY = "libc++";
				CLANG_ENABLE_MODULES = YES;
				CLANG_ENABLE_OBJC_ARC = YES;
				CLANG_ENABLE_OBJC_WEAK = YES;
				CLANG_WARN_BLOCK_CAPTURE_AUTORELEASING = YES;
				CLANG_WARN_BOOL_CONVERSION = YES;
				CLANG_WARN_COMMA = YES;
				CLANG_WARN_CONSTANT_CONVERSION = YES;
				CLANG_WARN_DEPRECATED_OBJC_IMPLEMENTATIONS = YES;
				CLANG_WARN_DIRECT_OBJC_ISA_USAGE = YES_ERROR;
				CLANG_WARN_DOCUMENTATION_COMMENTS = YES;
				CLANG_WARN_EMPTY_BODY = YES;
				CLANG_WARN_ENUM_CONVERSION = YES;
				CLANG_WARN_INFINITE_RECURSION = YES;
				CLANG_WARN_INT_CONVERSION = YES;
				CLANG_WARN_NON_LITERAL_NULL_CONVERSION = YES;
				CLANG_WARN_OBJC_IMPLICIT_RETAIN_SELF = YES;
				CLANG_WARN_OBJC_LITERAL_CONVERSION = YES;
				CLANG_WARN_OBJC_ROOT_CLASS = YES_ERROR;
				CLANG_WARN_RANGE_LOOP_ANALYSIS = YES;
				CLANG_WARN_STRICT_PROTOTYPES = YES;
				CLANG_WARN_SUSPICIOUS_MOVE = YES;
				CLANG_WARN_UNGUARDED_AVAILABILITY = YES_AGGRESSIVE;
				CLANG_WARN_UNREACHABLE_CODE = YES;
				CLANG_WARN__DUPLICATE_METHOD_MATCH = YES;
				CODE_SIGN_IDENTITY = "iPhone Developer";
				COPY_PHASE_STRIP = NO;
				DEBUG_INFORMATION_FORMAT = dwarf;
				ENABLE_STRICT_OBJC_MSGSEND = YES;
				ENABLE_TESTABILITY = YES;
				GCC_C_LANGUAGE_STANDARD = gnu11;
				GCC_DYNAMIC_NO_PIC = NO;
				GCC_NO_COMMON_BLOCKS = YES;
				GCC_OPTIMIZATION_LEVEL = 0;
				GCC_PREPROCESSOR_DEFINITIONS = (
					"DEBUG=1",
					"$(inherited)",
				);
				GCC_WARN_64_TO_32_BIT_CONVERSION = YES;
				GCC_WARN_ABOUT_RETURN_TYPE = YES_ERROR;
				GCC_WARN_UNDECLARED_SELECTOR = YES;
				GCC_WARN_UNINITIALIZED_AUTOS = YES_AGGRESSIVE;
				GCC_WARN_UNUSED_FUNCTION = YES;
				GCC_WARN_UNUSED_VARIABLE = YES;
				IPHONEOS_DEPLOYMENT_TARGET = 12.0;
				MTL_ENABLE_DEBUG_INFO = INCLUDE_SOURCE;
				MTL_FAST_MATH = YES;
				ONLY_ACTIVE_ARCH = YES;
				SDKROOT = iphoneos;
				SWIFT_ACTIVE_COMPILATION_CONDITIONS = DEBUG;
				SWIFT_OPTIMIZATION_LEVEL = "-Onone";
			};
			name = Debug;
		};
		081BB51F215EB6CB00E5ADDA /* Release */ = {
			isa = XCBuildConfiguration;
			buildSettings = {
				ALWAYS_SEARCH_USER_PATHS = NO;
				CLANG_ANALYZER_NONNULL = YES;
				CLANG_ANALYZER_NUMBER_OBJECT_CONVERSION = YES_AGGRESSIVE;
				CLANG_CXX_LANGUAGE_STANDARD = "gnu++14";
				CLANG_CXX_LIBRARY = "libc++";
				CLANG_ENABLE_MODULES = YES;
				CLANG_ENABLE_OBJC_ARC = YES;
				CLANG_ENABLE_OBJC_WEAK = YES;
				CLANG_WARN_BLOCK_CAPTURE_AUTORELEASING = YES;
				CLANG_WARN_BOOL_CONVERSION = YES;
				CLANG_WARN_COMMA = YES;
				CLANG_WARN_CONSTANT_CONVERSION = YES;
				CLANG_WARN_DEPRECATED_OBJC_IMPLEMENTATIONS = YES;
				CLANG_WARN_DIRECT_OBJC_ISA_USAGE = YES_ERROR;
				CLANG_WARN_DOCUMENTATION_COMMENTS = YES;
				CLANG_WARN_EMPTY_BODY = YES;
				CLANG_WARN_ENUM_CONVERSION = YES;
				CLANG_WARN_INFINITE_RECURSION = YES;
				CLANG_WARN_INT_CONVERSION = YES;
				CLANG_WARN_NON_LITERAL_NULL_CONVERSION = YES;
				CLANG_WARN_OBJC_IMPLICIT_RETAIN_SELF = YES;
				CLANG_WARN_OBJC_LITERAL_CONVERSION = YES;
				CLANG_WARN_OBJC_ROOT_CLASS = YES_ERROR;
				CLANG_WARN_RANGE_LOOP_ANALYSIS = YES;
				CLANG_WARN_STRICT_PROTOTYPES = YES;
				CLANG_WARN_SUSPICIOUS_MOVE = YES;
				CLANG_WARN_UNGUARDED_AVAILABILITY = YES_AGGRESSIVE;
				CLANG_WARN_UNREACHABLE_CODE = YES;
				CLANG_WARN__DUPLICATE_METHOD_MATCH = YES;
				CODE_SIGN_IDENTITY = "iPhone Developer";
				COPY_PHASE_STRIP = NO;
				DEBUG_INFORMATION_FORMAT = "dwarf-with-dsym";
				ENABLE_NS_ASSERTIONS = NO;
				ENABLE_STRICT_OBJC_MSGSEND = YES;
				GCC_C_LANGUAGE_STANDARD = gnu11;
				GCC_NO_COMMON_BLOCKS = YES;
				GCC_WARN_64_TO_32_BIT_CONVERSION = YES;
				GCC_WARN_ABOUT_RETURN_TYPE = YES_ERROR;
				GCC_WARN_UNDECLARED_SELECTOR = YES;
				GCC_WARN_UNINITIALIZED_AUTOS = YES_AGGRESSIVE;
				GCC_WARN_UNUSED_FUNCTION = YES;
				GCC_WARN_UNUSED_VARIABLE = YES;
				IPHONEOS_DEPLOYMENT_TARGET = 12.0;
				MTL_ENABLE_DEBUG_INFO = NO;
				MTL_FAST_MATH = YES;
				SDKROOT = iphoneos;
				SWIFT_COMPILATION_MODE = wholemodule;
				SWIFT_OPTIMIZATION_LEVEL = "-O";
				VALIDATE_PRODUCT = YES;
			};
			name = Release;
		};
		081BB521215EB6CB00E5ADDA /* Debug */ = {
			isa = XCBuildConfiguration;
			baseConfigurationReference = 6AB59CAC160292FEB233DE6E /* Pods-ApiTest.debug.xcconfig */;
			buildSettings = {
				ASSETCATALOG_COMPILER_APPICON_NAME = AppIcon;
				CODE_SIGN_STYLE = Automatic;
				INFOPLIST_FILE = ApiTest/Info.plist;
				LD_RUNPATH_SEARCH_PATHS = (
					"$(inherited)",
					"@executable_path/Frameworks",
				);
				PRODUCT_BUNDLE_IDENTIFIER = test.ostrenkiy.ApiTest;
				PRODUCT_NAME = "$(TARGET_NAME)";
				SWIFT_VERSION = 4.2;
				TARGETED_DEVICE_FAMILY = "1,2";
			};
			name = Debug;
		};
		081BB522215EB6CB00E5ADDA /* Release */ = {
			isa = XCBuildConfiguration;
			baseConfigurationReference = BF0A154BFBB17AD5605F264E /* Pods-ApiTest.release.xcconfig */;
			buildSettings = {
				ASSETCATALOG_COMPILER_APPICON_NAME = AppIcon;
				CODE_SIGN_STYLE = Automatic;
				INFOPLIST_FILE = ApiTest/Info.plist;
				LD_RUNPATH_SEARCH_PATHS = (
					"$(inherited)",
					"@executable_path/Frameworks",
				);
				PRODUCT_BUNDLE_IDENTIFIER = test.ostrenkiy.ApiTest;
				PRODUCT_NAME = "$(TARGET_NAME)";
				SWIFT_VERSION = 4.2;
				TARGETED_DEVICE_FAMILY = "1,2";
			};
			name = Release;
		};
/* End XCBuildConfiguration section */

/* Begin XCConfigurationList section */
		081BB509215EB6C900E5ADDA /* Build configuration list for PBXProject "ApiTest" */ = {
			isa = XCConfigurationList;
			buildConfigurations = (
				081BB51E215EB6CB00E5ADDA /* Debug */,
				081BB51F215EB6CB00E5ADDA /* Release */,
			);
			defaultConfigurationIsVisible = 0;
			defaultConfigurationName = Release;
		};
		081BB520215EB6CB00E5ADDA /* Build configuration list for PBXNativeTarget "ApiTest" */ = {
			isa = XCConfigurationList;
			buildConfigurations = (
				081BB521215EB6CB00E5ADDA /* Debug */,
				081BB522215EB6CB00E5ADDA /* Release */,
			);
			defaultConfigurationIsVisible = 0;
			defaultConfigurationName = Release;
		};
/* End XCConfigurationList section */
	};
	rootObject = 081BB506215EB6C900E5ADDA /* Project object */;
}
